
Microsoft Visual Studio Solution File, Format Version 12.00
# Visual Studio Version 16
VisualStudioVersion = 16.0.32413.511
MinimumVisualStudioVersion = 10.0.40219.1
Project("{8BC9CEB8-8B4A-11D0-8D11-00A0C91BC942}") = "10986_구간 합 구하기 5", "Baekjoon\Baekjoon.vcxproj", "{59839950-DB26-47C9-A677-400885B03D84}"
EndProject
Project("{8BC9CEB8-8B4A-11D0-8D11-00A0C91BC942}") = "2630_색종이 만들기", "2630_색종이 만들기\2630_색종이 만들기.vcxproj", "{483C27C3-91CC-48DF-A341-7F2287F4662E}"
EndProject
Project("{8BC9CEB8-8B4A-11D0-8D11-00A0C91BC942}") = "1992_쿼드트리", "1992_쿼드트리\1992_쿼드트리.vcxproj", "{603FBA59-A250-4758-B6D6-918EFF4B2AEC}"
EndProject
Project("{8BC9CEB8-8B4A-11D0-8D11-00A0C91BC942}") = "1780_종이의 개수", "1780_종이의 개수\1780_종이의 개수.vcxproj", "{6A72FF0A-492B-40F5-B851-ED2F4D296FA0}"
EndProject
Project("{8BC9CEB8-8B4A-11D0-8D11-00A0C91BC942}") = "1629_곱셈", "1629_곱셈\1629_곱셈.vcxproj", "{054BC4AF-27D5-4742-A645-2CD56F2171AD}"
EndProject
Project("{8BC9CEB8-8B4A-11D0-8D11-00A0C91BC942}") = "11401_이항 계수 3", "11401_이항 계수 3\11401_이항 계수 3.vcxproj", "{C9143411-687B-4589-9768-DFBBB69ACEF6}"
EndProject
Project("{8BC9CEB8-8B4A-11D0-8D11-00A0C91BC942}") = "2740_행렬곱셈", "2740_행렬곱셈\2740_행렬곱셈.vcxproj", "{438208FC-815C-4DA3-A2F2-BCEAAA5B0967}"
EndProject
Project("{8BC9CEB8-8B4A-11D0-8D11-00A0C91BC942}") = "10830_행렬 제곱", "10830_행렬 제곱\10830_행렬 제곱.vcxproj", "{B2700954-F154-4EBD-A53C-76382DE56946}"
EndProject
Project("{8BC9CEB8-8B4A-11D0-8D11-00A0C91BC942}") = "11444_피보나치 수 6", "11444_피보나치 수 6\11444_피보나치 수 6.vcxproj", "{EE0B70BE-92A4-4CBA-848F-5E8E5A29549A}"
EndProject
Project("{8BC9CEB8-8B4A-11D0-8D11-00A0C91BC942}") = "25083_새싹", "25083_새싹\25083_새싹.vcxproj", "{3A7F3ED2-05CD-45D1-88C7-8D5EF3FD5BF3}"
EndProject
Project("{8BC9CEB8-8B4A-11D0-8D11-00A0C91BC942}") = "10926_물음표물음표느낌표", "10926_물음표물음표느낌표\10926_물음표물음표느낌표.vcxproj", "{28939ECD-BE0C-455E-A294-93E081C39E05}"
EndProject
Project("{8BC9CEB8-8B4A-11D0-8D11-00A0C91BC942}") = "18108_1998년생인 내가 태국에서는 2541년생", "18108\18108.vcxproj", "{7E040D2E-DB58-4EAF-8373-7832000CB243}"
EndProject
Project("{8BC9CEB8-8B4A-11D0-8D11-00A0C91BC942}") = "2525_오븐 시계", "2525_오븐 시계\2525_오븐 시계.vcxproj", "{880C72AC-BA93-4990-8E9E-C02C8217F25E}"
EndProject
Project("{8BC9CEB8-8B4A-11D0-8D11-00A0C91BC942}") = "2480_주사위 세개", "2480_주사위 세개\2480_주사위 세개.vcxproj", "{2129CC50-AC3A-4AA9-915B-08E1D673E83F}"
EndProject
Project("{8BC9CEB8-8B4A-11D0-8D11-00A0C91BC942}") = "17478_재귀함수가 뭔가요", "17478_재귀함수가 뭔가요\17478_재귀함수가 뭔가요.vcxproj", "{7EF738D8-4644-47E3-8FB3-072AA1AB7FBF}"
EndProject
Project("{8BC9CEB8-8B4A-11D0-8D11-00A0C91BC942}") = "2108_통계학", "2108_통계학\2108_통계학.vcxproj", "{F68DA291-2022-4EAF-9585-395BDEFD72D5}"
EndProject
Project("{8BC9CEB8-8B4A-11D0-8D11-00A0C91BC942}") = "10815_숫자 카드", "10815_숫자 카드\10815_숫자 카드.vcxproj", "{DA9FDC83-97AC-4412-B2C5-9BC4E325036E}"
EndProject
Project("{8BC9CEB8-8B4A-11D0-8D11-00A0C91BC942}") = "14425_문자열 집합", "14425_문자열 집합\14425_문자열 집합.vcxproj", "{00FC21A2-CF7E-41F4-B143-2172D328BFD7}"
EndProject
Project("{8BC9CEB8-8B4A-11D0-8D11-00A0C91BC942}") = "1620_나는야 포켓몬 마스터 이다솜", "1620_나는야 포켓몬 마스터 이다솜\1620_나는야 포켓몬 마스터 이다솜.vcxproj", "{D7436018-16ED-4D2A-BD9F-F500AD166B4A}"
EndProject
Project("{8BC9CEB8-8B4A-11D0-8D11-00A0C91BC942}") = "10816_숫자 카드 2", "10816_숫자 카드 2\10816_숫자 카드 2.vcxproj", "{63D11744-78D5-41B7-A987-35D12A5449B0}"
EndProject
Project("{8BC9CEB8-8B4A-11D0-8D11-00A0C91BC942}") = "1764_듣보잡", "1764_듣보잡\1764_듣보잡.vcxproj", "{80FCBA55-C247-4564-B3F5-F326DE9330EB}"
EndProject
Project("{8BC9CEB8-8B4A-11D0-8D11-00A0C91BC942}") = "1269_대칭 차집합", "1269_대칭 차집합\1269_대칭 차집합.vcxproj", "{122F58F0-A2C3-4828-B6D6-32FB45A319A7}"
EndProject
Project("{8BC9CEB8-8B4A-11D0-8D11-00A0C91BC942}") = "11478_서로 다른 부분 문자열의 개수", "11478_서로 다른 부분 문자열의 개수\11478_서로 다른 부분 문자열의 개수.vcxproj", "{C19F9B54-D55A-46D3-98EB-F48EBCF88391}"
EndProject
Project("{8BC9CEB8-8B4A-11D0-8D11-00A0C91BC942}") = "3034_앵그리창영", "3034_앵그리창영\3034_앵그리창영.vcxproj", "{81AFE377-C2DA-4651-A345-73A7C1B8F140}"
EndProject
Project("{8BC9CEB8-8B4A-11D0-8D11-00A0C91BC942}") = "2477_참외밭", "2477_참외밭\2477_참외밭.vcxproj", "{7AA5EA20-5DD9-4704-B132-B7353C87C011}"
EndProject
Project("{8BC9CEB8-8B4A-11D0-8D11-00A0C91BC942}") = "1004_어린 왕자", "1004_어린 왕자\1004_어린 왕자.vcxproj", "{2AEA0910-CF76-4870-B310-BA18D13FD65D}"
EndProject
Project("{8BC9CEB8-8B4A-11D0-8D11-00A0C91BC942}") = "1358_하키", "2\2.vcxproj", "{D2082B1D-CA8F-4BCF-A0A4-7930521DB845}"
EndProject
Project("{8BC9CEB8-8B4A-11D0-8D11-00A0C91BC942}") = "6549_히스토그램에서 가장 큰 직사각형", "6549_히스토그램에서 가장 큰 직사각형\6549_히스토그램에서 가장 큰 직사각형.vcxproj", "{B9614349-3466-4DAD-BBFF-2E3E59AAD845}"
EndProject
Project("{8BC9CEB8-8B4A-11D0-8D11-00A0C91BC942}") = "1920_수 찾기", "1920_수 찾기\1920_수 찾기.vcxproj", "{8948C0BB-BBAD-40A8-AE82-90C127055502}"
EndProject
Project("{8BC9CEB8-8B4A-11D0-8D11-00A0C91BC942}") = "1654_랜선 자르기", "1654_랜선 자르기\1654_랜선 자르기.vcxproj", "{23261515-30BA-457E-A36B-57E71DA81F89}"
EndProject
Project("{8BC9CEB8-8B4A-11D0-8D11-00A0C91BC942}") = "2805_나무자르기", "2805_나무자르기\2805_나무자르기.vcxproj", "{6AA9855B-5A57-4697-8798-229557B25565}"
EndProject
Project("{8BC9CEB8-8B4A-11D0-8D11-00A0C91BC942}") = "hustar_이진 탐색 6", "hustar_이진 탐색 6\hustar_이진 탐색 6.vcxproj", "{C544B83A-7374-4336-BCED-B7C668BBDFA7}"
EndProject
Global
	GlobalSection(SolutionConfigurationPlatforms) = preSolution
		Debug|x64 = Debug|x64
		Debug|x86 = Debug|x86
		Release|x64 = Release|x64
		Release|x86 = Release|x86
	EndGlobalSection
	GlobalSection(ProjectConfigurationPlatforms) = postSolution
		{59839950-DB26-47C9-A677-400885B03D84}.Debug|x64.ActiveCfg = Debug|x64
		{59839950-DB26-47C9-A677-400885B03D84}.Debug|x64.Build.0 = Debug|x64
		{59839950-DB26-47C9-A677-400885B03D84}.Debug|x86.ActiveCfg = Debug|Win32
		{59839950-DB26-47C9-A677-400885B03D84}.Debug|x86.Build.0 = Debug|Win32
		{59839950-DB26-47C9-A677-400885B03D84}.Release|x64.ActiveCfg = Release|x64
		{59839950-DB26-47C9-A677-400885B03D84}.Release|x64.Build.0 = Release|x64
		{59839950-DB26-47C9-A677-400885B03D84}.Release|x86.ActiveCfg = Release|Win32
		{59839950-DB26-47C9-A677-400885B03D84}.Release|x86.Build.0 = Release|Win32
		{483C27C3-91CC-48DF-A341-7F2287F4662E}.Debug|x64.ActiveCfg = Debug|x64
		{483C27C3-91CC-48DF-A341-7F2287F4662E}.Debug|x64.Build.0 = Debug|x64
		{483C27C3-91CC-48DF-A341-7F2287F4662E}.Debug|x86.ActiveCfg = Debug|Win32
		{483C27C3-91CC-48DF-A341-7F2287F4662E}.Debug|x86.Build.0 = Debug|Win32
		{483C27C3-91CC-48DF-A341-7F2287F4662E}.Release|x64.ActiveCfg = Release|x64
		{483C27C3-91CC-48DF-A341-7F2287F4662E}.Release|x64.Build.0 = Release|x64
		{483C27C3-91CC-48DF-A341-7F2287F4662E}.Release|x86.ActiveCfg = Release|Win32
		{483C27C3-91CC-48DF-A341-7F2287F4662E}.Release|x86.Build.0 = Release|Win32
		{603FBA59-A250-4758-B6D6-918EFF4B2AEC}.Debug|x64.ActiveCfg = Debug|x64
		{603FBA59-A250-4758-B6D6-918EFF4B2AEC}.Debug|x64.Build.0 = Debug|x64
		{603FBA59-A250-4758-B6D6-918EFF4B2AEC}.Debug|x86.ActiveCfg = Debug|Win32
		{603FBA59-A250-4758-B6D6-918EFF4B2AEC}.Debug|x86.Build.0 = Debug|Win32
		{603FBA59-A250-4758-B6D6-918EFF4B2AEC}.Release|x64.ActiveCfg = Release|x64
		{603FBA59-A250-4758-B6D6-918EFF4B2AEC}.Release|x64.Build.0 = Release|x64
		{603FBA59-A250-4758-B6D6-918EFF4B2AEC}.Release|x86.ActiveCfg = Release|Win32
		{603FBA59-A250-4758-B6D6-918EFF4B2AEC}.Release|x86.Build.0 = Release|Win32
		{6A72FF0A-492B-40F5-B851-ED2F4D296FA0}.Debug|x64.ActiveCfg = Debug|x64
		{6A72FF0A-492B-40F5-B851-ED2F4D296FA0}.Debug|x64.Build.0 = Debug|x64
		{6A72FF0A-492B-40F5-B851-ED2F4D296FA0}.Debug|x86.ActiveCfg = Debug|Win32
		{6A72FF0A-492B-40F5-B851-ED2F4D296FA0}.Debug|x86.Build.0 = Debug|Win32
		{6A72FF0A-492B-40F5-B851-ED2F4D296FA0}.Release|x64.ActiveCfg = Release|x64
		{6A72FF0A-492B-40F5-B851-ED2F4D296FA0}.Release|x64.Build.0 = Release|x64
		{6A72FF0A-492B-40F5-B851-ED2F4D296FA0}.Release|x86.ActiveCfg = Release|Win32
		{6A72FF0A-492B-40F5-B851-ED2F4D296FA0}.Release|x86.Build.0 = Release|Win32
		{054BC4AF-27D5-4742-A645-2CD56F2171AD}.Debug|x64.ActiveCfg = Debug|x64
		{054BC4AF-27D5-4742-A645-2CD56F2171AD}.Debug|x64.Build.0 = Debug|x64
		{054BC4AF-27D5-4742-A645-2CD56F2171AD}.Debug|x86.ActiveCfg = Debug|Win32
		{054BC4AF-27D5-4742-A645-2CD56F2171AD}.Debug|x86.Build.0 = Debug|Win32
		{054BC4AF-27D5-4742-A645-2CD56F2171AD}.Release|x64.ActiveCfg = Release|x64
		{054BC4AF-27D5-4742-A645-2CD56F2171AD}.Release|x64.Build.0 = Release|x64
		{054BC4AF-27D5-4742-A645-2CD56F2171AD}.Release|x86.ActiveCfg = Release|Win32
		{054BC4AF-27D5-4742-A645-2CD56F2171AD}.Release|x86.Build.0 = Release|Win32
		{C9143411-687B-4589-9768-DFBBB69ACEF6}.Debug|x64.ActiveCfg = Debug|x64
		{C9143411-687B-4589-9768-DFBBB69ACEF6}.Debug|x64.Build.0 = Debug|x64
		{C9143411-687B-4589-9768-DFBBB69ACEF6}.Debug|x86.ActiveCfg = Debug|Win32
		{C9143411-687B-4589-9768-DFBBB69ACEF6}.Debug|x86.Build.0 = Debug|Win32
		{C9143411-687B-4589-9768-DFBBB69ACEF6}.Release|x64.ActiveCfg = Release|x64
		{C9143411-687B-4589-9768-DFBBB69ACEF6}.Release|x64.Build.0 = Release|x64
		{C9143411-687B-4589-9768-DFBBB69ACEF6}.Release|x86.ActiveCfg = Release|Win32
		{C9143411-687B-4589-9768-DFBBB69ACEF6}.Release|x86.Build.0 = Release|Win32
		{438208FC-815C-4DA3-A2F2-BCEAAA5B0967}.Debug|x64.ActiveCfg = Debug|x64
		{438208FC-815C-4DA3-A2F2-BCEAAA5B0967}.Debug|x64.Build.0 = Debug|x64
		{438208FC-815C-4DA3-A2F2-BCEAAA5B0967}.Debug|x86.ActiveCfg = Debug|Win32
		{438208FC-815C-4DA3-A2F2-BCEAAA5B0967}.Debug|x86.Build.0 = Debug|Win32
		{438208FC-815C-4DA3-A2F2-BCEAAA5B0967}.Release|x64.ActiveCfg = Release|x64
		{438208FC-815C-4DA3-A2F2-BCEAAA5B0967}.Release|x64.Build.0 = Release|x64
		{438208FC-815C-4DA3-A2F2-BCEAAA5B0967}.Release|x86.ActiveCfg = Release|Win32
		{438208FC-815C-4DA3-A2F2-BCEAAA5B0967}.Release|x86.Build.0 = Release|Win32
		{B2700954-F154-4EBD-A53C-76382DE56946}.Debug|x64.ActiveCfg = Debug|x64
		{B2700954-F154-4EBD-A53C-76382DE56946}.Debug|x64.Build.0 = Debug|x64
		{B2700954-F154-4EBD-A53C-76382DE56946}.Debug|x86.ActiveCfg = Debug|Win32
		{B2700954-F154-4EBD-A53C-76382DE56946}.Debug|x86.Build.0 = Debug|Win32
		{B2700954-F154-4EBD-A53C-76382DE56946}.Release|x64.ActiveCfg = Release|x64
		{B2700954-F154-4EBD-A53C-76382DE56946}.Release|x64.Build.0 = Release|x64
		{B2700954-F154-4EBD-A53C-76382DE56946}.Release|x86.ActiveCfg = Release|Win32
		{B2700954-F154-4EBD-A53C-76382DE56946}.Release|x86.Build.0 = Release|Win32
		{EE0B70BE-92A4-4CBA-848F-5E8E5A29549A}.Debug|x64.ActiveCfg = Debug|x64
		{EE0B70BE-92A4-4CBA-848F-5E8E5A29549A}.Debug|x64.Build.0 = Debug|x64
		{EE0B70BE-92A4-4CBA-848F-5E8E5A29549A}.Debug|x86.ActiveCfg = Debug|Win32
		{EE0B70BE-92A4-4CBA-848F-5E8E5A29549A}.Debug|x86.Build.0 = Debug|Win32
		{EE0B70BE-92A4-4CBA-848F-5E8E5A29549A}.Release|x64.ActiveCfg = Release|x64
		{EE0B70BE-92A4-4CBA-848F-5E8E5A29549A}.Release|x64.Build.0 = Release|x64
		{EE0B70BE-92A4-4CBA-848F-5E8E5A29549A}.Release|x86.ActiveCfg = Release|Win32
		{EE0B70BE-92A4-4CBA-848F-5E8E5A29549A}.Release|x86.Build.0 = Release|Win32
		{3A7F3ED2-05CD-45D1-88C7-8D5EF3FD5BF3}.Debug|x64.ActiveCfg = Debug|x64
		{3A7F3ED2-05CD-45D1-88C7-8D5EF3FD5BF3}.Debug|x64.Build.0 = Debug|x64
		{3A7F3ED2-05CD-45D1-88C7-8D5EF3FD5BF3}.Debug|x86.ActiveCfg = Debug|Win32
		{3A7F3ED2-05CD-45D1-88C7-8D5EF3FD5BF3}.Debug|x86.Build.0 = Debug|Win32
		{3A7F3ED2-05CD-45D1-88C7-8D5EF3FD5BF3}.Release|x64.ActiveCfg = Release|x64
		{3A7F3ED2-05CD-45D1-88C7-8D5EF3FD5BF3}.Release|x64.Build.0 = Release|x64
		{3A7F3ED2-05CD-45D1-88C7-8D5EF3FD5BF3}.Release|x86.ActiveCfg = Release|Win32
		{3A7F3ED2-05CD-45D1-88C7-8D5EF3FD5BF3}.Release|x86.Build.0 = Release|Win32
		{28939ECD-BE0C-455E-A294-93E081C39E05}.Debug|x64.ActiveCfg = Debug|x64
		{28939ECD-BE0C-455E-A294-93E081C39E05}.Debug|x64.Build.0 = Debug|x64
		{28939ECD-BE0C-455E-A294-93E081C39E05}.Debug|x86.ActiveCfg = Debug|Win32
		{28939ECD-BE0C-455E-A294-93E081C39E05}.Debug|x86.Build.0 = Debug|Win32
		{28939ECD-BE0C-455E-A294-93E081C39E05}.Release|x64.ActiveCfg = Release|x64
		{28939ECD-BE0C-455E-A294-93E081C39E05}.Release|x64.Build.0 = Release|x64
		{28939ECD-BE0C-455E-A294-93E081C39E05}.Release|x86.ActiveCfg = Release|Win32
		{28939ECD-BE0C-455E-A294-93E081C39E05}.Release|x86.Build.0 = Release|Win32
		{7E040D2E-DB58-4EAF-8373-7832000CB243}.Debug|x64.ActiveCfg = Debug|x64
		{7E040D2E-DB58-4EAF-8373-7832000CB243}.Debug|x64.Build.0 = Debug|x64
		{7E040D2E-DB58-4EAF-8373-7832000CB243}.Debug|x86.ActiveCfg = Debug|Win32
		{7E040D2E-DB58-4EAF-8373-7832000CB243}.Debug|x86.Build.0 = Debug|Win32
		{7E040D2E-DB58-4EAF-8373-7832000CB243}.Release|x64.ActiveCfg = Release|x64
		{7E040D2E-DB58-4EAF-8373-7832000CB243}.Release|x64.Build.0 = Release|x64
		{7E040D2E-DB58-4EAF-8373-7832000CB243}.Release|x86.ActiveCfg = Release|Win32
		{7E040D2E-DB58-4EAF-8373-7832000CB243}.Release|x86.Build.0 = Release|Win32
		{880C72AC-BA93-4990-8E9E-C02C8217F25E}.Debug|x64.ActiveCfg = Debug|x64
		{880C72AC-BA93-4990-8E9E-C02C8217F25E}.Debug|x64.Build.0 = Debug|x64
		{880C72AC-BA93-4990-8E9E-C02C8217F25E}.Debug|x86.ActiveCfg = Debug|Win32
		{880C72AC-BA93-4990-8E9E-C02C8217F25E}.Debug|x86.Build.0 = Debug|Win32
		{880C72AC-BA93-4990-8E9E-C02C8217F25E}.Release|x64.ActiveCfg = Release|x64
		{880C72AC-BA93-4990-8E9E-C02C8217F25E}.Release|x64.Build.0 = Release|x64
		{880C72AC-BA93-4990-8E9E-C02C8217F25E}.Release|x86.ActiveCfg = Release|Win32
		{880C72AC-BA93-4990-8E9E-C02C8217F25E}.Release|x86.Build.0 = Release|Win32
		{2129CC50-AC3A-4AA9-915B-08E1D673E83F}.Debug|x64.ActiveCfg = Debug|x64
		{2129CC50-AC3A-4AA9-915B-08E1D673E83F}.Debug|x64.Build.0 = Debug|x64
		{2129CC50-AC3A-4AA9-915B-08E1D673E83F}.Debug|x86.ActiveCfg = Debug|Win32
		{2129CC50-AC3A-4AA9-915B-08E1D673E83F}.Debug|x86.Build.0 = Debug|Win32
		{2129CC50-AC3A-4AA9-915B-08E1D673E83F}.Release|x64.ActiveCfg = Release|x64
		{2129CC50-AC3A-4AA9-915B-08E1D673E83F}.Release|x64.Build.0 = Release|x64
		{2129CC50-AC3A-4AA9-915B-08E1D673E83F}.Release|x86.ActiveCfg = Release|Win32
		{2129CC50-AC3A-4AA9-915B-08E1D673E83F}.Release|x86.Build.0 = Release|Win32
		{7EF738D8-4644-47E3-8FB3-072AA1AB7FBF}.Debug|x64.ActiveCfg = Debug|x64
		{7EF738D8-4644-47E3-8FB3-072AA1AB7FBF}.Debug|x64.Build.0 = Debug|x64
		{7EF738D8-4644-47E3-8FB3-072AA1AB7FBF}.Debug|x86.ActiveCfg = Debug|Win32
		{7EF738D8-4644-47E3-8FB3-072AA1AB7FBF}.Debug|x86.Build.0 = Debug|Win32
		{7EF738D8-4644-47E3-8FB3-072AA1AB7FBF}.Release|x64.ActiveCfg = Release|x64
		{7EF738D8-4644-47E3-8FB3-072AA1AB7FBF}.Release|x64.Build.0 = Release|x64
		{7EF738D8-4644-47E3-8FB3-072AA1AB7FBF}.Release|x86.ActiveCfg = Release|Win32
		{7EF738D8-4644-47E3-8FB3-072AA1AB7FBF}.Release|x86.Build.0 = Release|Win32
		{F68DA291-2022-4EAF-9585-395BDEFD72D5}.Debug|x64.ActiveCfg = Debug|x64
		{F68DA291-2022-4EAF-9585-395BDEFD72D5}.Debug|x64.Build.0 = Debug|x64
		{F68DA291-2022-4EAF-9585-395BDEFD72D5}.Debug|x86.ActiveCfg = Debug|Win32
		{F68DA291-2022-4EAF-9585-395BDEFD72D5}.Debug|x86.Build.0 = Debug|Win32
		{F68DA291-2022-4EAF-9585-395BDEFD72D5}.Release|x64.ActiveCfg = Release|x64
		{F68DA291-2022-4EAF-9585-395BDEFD72D5}.Release|x64.Build.0 = Release|x64
		{F68DA291-2022-4EAF-9585-395BDEFD72D5}.Release|x86.ActiveCfg = Release|Win32
		{F68DA291-2022-4EAF-9585-395BDEFD72D5}.Release|x86.Build.0 = Release|Win32
		{DA9FDC83-97AC-4412-B2C5-9BC4E325036E}.Debug|x64.ActiveCfg = Debug|x64
		{DA9FDC83-97AC-4412-B2C5-9BC4E325036E}.Debug|x64.Build.0 = Debug|x64
		{DA9FDC83-97AC-4412-B2C5-9BC4E325036E}.Debug|x86.ActiveCfg = Debug|Win32
		{DA9FDC83-97AC-4412-B2C5-9BC4E325036E}.Debug|x86.Build.0 = Debug|Win32
		{DA9FDC83-97AC-4412-B2C5-9BC4E325036E}.Release|x64.ActiveCfg = Release|x64
		{DA9FDC83-97AC-4412-B2C5-9BC4E325036E}.Release|x64.Build.0 = Release|x64
		{DA9FDC83-97AC-4412-B2C5-9BC4E325036E}.Release|x86.ActiveCfg = Release|Win32
		{DA9FDC83-97AC-4412-B2C5-9BC4E325036E}.Release|x86.Build.0 = Release|Win32
		{00FC21A2-CF7E-41F4-B143-2172D328BFD7}.Debug|x64.ActiveCfg = Debug|x64
		{00FC21A2-CF7E-41F4-B143-2172D328BFD7}.Debug|x64.Build.0 = Debug|x64
		{00FC21A2-CF7E-41F4-B143-2172D328BFD7}.Debug|x86.ActiveCfg = Debug|Win32
		{00FC21A2-CF7E-41F4-B143-2172D328BFD7}.Debug|x86.Build.0 = Debug|Win32
		{00FC21A2-CF7E-41F4-B143-2172D328BFD7}.Release|x64.ActiveCfg = Release|x64
		{00FC21A2-CF7E-41F4-B143-2172D328BFD7}.Release|x64.Build.0 = Release|x64
		{00FC21A2-CF7E-41F4-B143-2172D328BFD7}.Release|x86.ActiveCfg = Release|Win32
		{00FC21A2-CF7E-41F4-B143-2172D328BFD7}.Release|x86.Build.0 = Release|Win32
		{D7436018-16ED-4D2A-BD9F-F500AD166B4A}.Debug|x64.ActiveCfg = Debug|x64
		{D7436018-16ED-4D2A-BD9F-F500AD166B4A}.Debug|x64.Build.0 = Debug|x64
		{D7436018-16ED-4D2A-BD9F-F500AD166B4A}.Debug|x86.ActiveCfg = Debug|Win32
		{D7436018-16ED-4D2A-BD9F-F500AD166B4A}.Debug|x86.Build.0 = Debug|Win32
		{D7436018-16ED-4D2A-BD9F-F500AD166B4A}.Release|x64.ActiveCfg = Release|x64
		{D7436018-16ED-4D2A-BD9F-F500AD166B4A}.Release|x64.Build.0 = Release|x64
		{D7436018-16ED-4D2A-BD9F-F500AD166B4A}.Release|x86.ActiveCfg = Release|Win32
		{D7436018-16ED-4D2A-BD9F-F500AD166B4A}.Release|x86.Build.0 = Release|Win32
		{63D11744-78D5-41B7-A987-35D12A5449B0}.Debug|x64.ActiveCfg = Debug|x64
		{63D11744-78D5-41B7-A987-35D12A5449B0}.Debug|x64.Build.0 = Debug|x64
		{63D11744-78D5-41B7-A987-35D12A5449B0}.Debug|x86.ActiveCfg = Debug|Win32
		{63D11744-78D5-41B7-A987-35D12A5449B0}.Debug|x86.Build.0 = Debug|Win32
		{63D11744-78D5-41B7-A987-35D12A5449B0}.Release|x64.ActiveCfg = Release|x64
		{63D11744-78D5-41B7-A987-35D12A5449B0}.Release|x64.Build.0 = Release|x64
		{63D11744-78D5-41B7-A987-35D12A5449B0}.Release|x86.ActiveCfg = Release|Win32
		{63D11744-78D5-41B7-A987-35D12A5449B0}.Release|x86.Build.0 = Release|Win32
		{80FCBA55-C247-4564-B3F5-F326DE9330EB}.Debug|x64.ActiveCfg = Debug|x64
		{80FCBA55-C247-4564-B3F5-F326DE9330EB}.Debug|x64.Build.0 = Debug|x64
		{80FCBA55-C247-4564-B3F5-F326DE9330EB}.Debug|x86.ActiveCfg = Debug|Win32
		{80FCBA55-C247-4564-B3F5-F326DE9330EB}.Debug|x86.Build.0 = Debug|Win32
		{80FCBA55-C247-4564-B3F5-F326DE9330EB}.Release|x64.ActiveCfg = Release|x64
		{80FCBA55-C247-4564-B3F5-F326DE9330EB}.Release|x64.Build.0 = Release|x64
		{80FCBA55-C247-4564-B3F5-F326DE9330EB}.Release|x86.ActiveCfg = Release|Win32
		{80FCBA55-C247-4564-B3F5-F326DE9330EB}.Release|x86.Build.0 = Release|Win32
		{122F58F0-A2C3-4828-B6D6-32FB45A319A7}.Debug|x64.ActiveCfg = Debug|x64
		{122F58F0-A2C3-4828-B6D6-32FB45A319A7}.Debug|x64.Build.0 = Debug|x64
		{122F58F0-A2C3-4828-B6D6-32FB45A319A7}.Debug|x86.ActiveCfg = Debug|Win32
		{122F58F0-A2C3-4828-B6D6-32FB45A319A7}.Debug|x86.Build.0 = Debug|Win32
		{122F58F0-A2C3-4828-B6D6-32FB45A319A7}.Release|x64.ActiveCfg = Release|x64
		{122F58F0-A2C3-4828-B6D6-32FB45A319A7}.Release|x64.Build.0 = Release|x64
		{122F58F0-A2C3-4828-B6D6-32FB45A319A7}.Release|x86.ActiveCfg = Release|Win32
		{122F58F0-A2C3-4828-B6D6-32FB45A319A7}.Release|x86.Build.0 = Release|Win32
		{C19F9B54-D55A-46D3-98EB-F48EBCF88391}.Debug|x64.ActiveCfg = Debug|x64
		{C19F9B54-D55A-46D3-98EB-F48EBCF88391}.Debug|x64.Build.0 = Debug|x64
		{C19F9B54-D55A-46D3-98EB-F48EBCF88391}.Debug|x86.ActiveCfg = Debug|Win32
		{C19F9B54-D55A-46D3-98EB-F48EBCF88391}.Debug|x86.Build.0 = Debug|Win32
		{C19F9B54-D55A-46D3-98EB-F48EBCF88391}.Release|x64.ActiveCfg = Release|x64
		{C19F9B54-D55A-46D3-98EB-F48EBCF88391}.Release|x64.Build.0 = Release|x64
		{C19F9B54-D55A-46D3-98EB-F48EBCF88391}.Release|x86.ActiveCfg = Release|Win32
		{C19F9B54-D55A-46D3-98EB-F48EBCF88391}.Release|x86.Build.0 = Release|Win32
		{81AFE377-C2DA-4651-A345-73A7C1B8F140}.Debug|x64.ActiveCfg = Debug|x64
		{81AFE377-C2DA-4651-A345-73A7C1B8F140}.Debug|x64.Build.0 = Debug|x64
		{81AFE377-C2DA-4651-A345-73A7C1B8F140}.Debug|x86.ActiveCfg = Debug|Win32
		{81AFE377-C2DA-4651-A345-73A7C1B8F140}.Debug|x86.Build.0 = Debug|Win32
		{81AFE377-C2DA-4651-A345-73A7C1B8F140}.Release|x64.ActiveCfg = Release|x64
		{81AFE377-C2DA-4651-A345-73A7C1B8F140}.Release|x64.Build.0 = Release|x64
		{81AFE377-C2DA-4651-A345-73A7C1B8F140}.Release|x86.ActiveCfg = Release|Win32
		{81AFE377-C2DA-4651-A345-73A7C1B8F140}.Release|x86.Build.0 = Release|Win32
		{7AA5EA20-5DD9-4704-B132-B7353C87C011}.Debug|x64.ActiveCfg = Debug|x64
		{7AA5EA20-5DD9-4704-B132-B7353C87C011}.Debug|x64.Build.0 = Debug|x64
		{7AA5EA20-5DD9-4704-B132-B7353C87C011}.Debug|x86.ActiveCfg = Debug|Win32
		{7AA5EA20-5DD9-4704-B132-B7353C87C011}.Debug|x86.Build.0 = Debug|Win32
		{7AA5EA20-5DD9-4704-B132-B7353C87C011}.Release|x64.ActiveCfg = Release|x64
		{7AA5EA20-5DD9-4704-B132-B7353C87C011}.Release|x64.Build.0 = Release|x64
		{7AA5EA20-5DD9-4704-B132-B7353C87C011}.Release|x86.ActiveCfg = Release|Win32
		{7AA5EA20-5DD9-4704-B132-B7353C87C011}.Release|x86.Build.0 = Release|Win32
		{2AEA0910-CF76-4870-B310-BA18D13FD65D}.Debug|x64.ActiveCfg = Debug|x64
		{2AEA0910-CF76-4870-B310-BA18D13FD65D}.Debug|x64.Build.0 = Debug|x64
		{2AEA0910-CF76-4870-B310-BA18D13FD65D}.Debug|x86.ActiveCfg = Debug|Win32
		{2AEA0910-CF76-4870-B310-BA18D13FD65D}.Debug|x86.Build.0 = Debug|Win32
		{2AEA0910-CF76-4870-B310-BA18D13FD65D}.Release|x64.ActiveCfg = Release|x64
		{2AEA0910-CF76-4870-B310-BA18D13FD65D}.Release|x64.Build.0 = Release|x64
		{2AEA0910-CF76-4870-B310-BA18D13FD65D}.Release|x86.ActiveCfg = Release|Win32
		{2AEA0910-CF76-4870-B310-BA18D13FD65D}.Release|x86.Build.0 = Release|Win32
		{D2082B1D-CA8F-4BCF-A0A4-7930521DB845}.Debug|x64.ActiveCfg = Debug|x64
		{D2082B1D-CA8F-4BCF-A0A4-7930521DB845}.Debug|x64.Build.0 = Debug|x64
		{D2082B1D-CA8F-4BCF-A0A4-7930521DB845}.Debug|x86.ActiveCfg = Debug|Win32
		{D2082B1D-CA8F-4BCF-A0A4-7930521DB845}.Debug|x86.Build.0 = Debug|Win32
		{D2082B1D-CA8F-4BCF-A0A4-7930521DB845}.Release|x64.ActiveCfg = Release|x64
		{D2082B1D-CA8F-4BCF-A0A4-7930521DB845}.Release|x64.Build.0 = Release|x64
		{D2082B1D-CA8F-4BCF-A0A4-7930521DB845}.Release|x86.ActiveCfg = Release|Win32
		{D2082B1D-CA8F-4BCF-A0A4-7930521DB845}.Release|x86.Build.0 = Release|Win32
		{B9614349-3466-4DAD-BBFF-2E3E59AAD845}.Debug|x64.ActiveCfg = Debug|x64
		{B9614349-3466-4DAD-BBFF-2E3E59AAD845}.Debug|x64.Build.0 = Debug|x64
		{B9614349-3466-4DAD-BBFF-2E3E59AAD845}.Debug|x86.ActiveCfg = Debug|Win32
		{B9614349-3466-4DAD-BBFF-2E3E59AAD845}.Debug|x86.Build.0 = Debug|Win32
		{B9614349-3466-4DAD-BBFF-2E3E59AAD845}.Release|x64.ActiveCfg = Release|x64
		{B9614349-3466-4DAD-BBFF-2E3E59AAD845}.Release|x64.Build.0 = Release|x64
		{B9614349-3466-4DAD-BBFF-2E3E59AAD845}.Release|x86.ActiveCfg = Release|Win32
		{B9614349-3466-4DAD-BBFF-2E3E59AAD845}.Release|x86.Build.0 = Release|Win32
		{8948C0BB-BBAD-40A8-AE82-90C127055502}.Debug|x64.ActiveCfg = Debug|x64
		{8948C0BB-BBAD-40A8-AE82-90C127055502}.Debug|x64.Build.0 = Debug|x64
		{8948C0BB-BBAD-40A8-AE82-90C127055502}.Debug|x86.ActiveCfg = Debug|Win32
		{8948C0BB-BBAD-40A8-AE82-90C127055502}.Debug|x86.Build.0 = Debug|Win32
		{8948C0BB-BBAD-40A8-AE82-90C127055502}.Release|x64.ActiveCfg = Release|x64
		{8948C0BB-BBAD-40A8-AE82-90C127055502}.Release|x64.Build.0 = Release|x64
		{8948C0BB-BBAD-40A8-AE82-90C127055502}.Release|x86.ActiveCfg = Release|Win32
		{8948C0BB-BBAD-40A8-AE82-90C127055502}.Release|x86.Build.0 = Release|Win32
		{23261515-30BA-457E-A36B-57E71DA81F89}.Debug|x64.ActiveCfg = Debug|x64
		{23261515-30BA-457E-A36B-57E71DA81F89}.Debug|x64.Build.0 = Debug|x64
		{23261515-30BA-457E-A36B-57E71DA81F89}.Debug|x86.ActiveCfg = Debug|Win32
		{23261515-30BA-457E-A36B-57E71DA81F89}.Debug|x86.Build.0 = Debug|Win32
		{23261515-30BA-457E-A36B-57E71DA81F89}.Release|x64.ActiveCfg = Release|x64
		{23261515-30BA-457E-A36B-57E71DA81F89}.Release|x64.Build.0 = Release|x64
		{23261515-30BA-457E-A36B-57E71DA81F89}.Release|x86.ActiveCfg = Release|Win32
		{23261515-30BA-457E-A36B-57E71DA81F89}.Release|x86.Build.0 = Release|Win32
		{6AA9855B-5A57-4697-8798-229557B25565}.Debug|x64.ActiveCfg = Debug|x64
		{6AA9855B-5A57-4697-8798-229557B25565}.Debug|x64.Build.0 = Debug|x64
		{6AA9855B-5A57-4697-8798-229557B25565}.Debug|x86.ActiveCfg = Debug|Win32
		{6AA9855B-5A57-4697-8798-229557B25565}.Debug|x86.Build.0 = Debug|Win32
		{6AA9855B-5A57-4697-8798-229557B25565}.Release|x64.ActiveCfg = Release|x64
		{6AA9855B-5A57-4697-8798-229557B25565}.Release|x64.Build.0 = Release|x64
		{6AA9855B-5A57-4697-8798-229557B25565}.Release|x86.ActiveCfg = Release|Win32
		{6AA9855B-5A57-4697-8798-229557B25565}.Release|x86.Build.0 = Release|Win32
		{C544B83A-7374-4336-BCED-B7C668BBDFA7}.Debug|x64.ActiveCfg = Debug|x64
		{C544B83A-7374-4336-BCED-B7C668BBDFA7}.Debug|x64.Build.0 = Debug|x64
		{C544B83A-7374-4336-BCED-B7C668BBDFA7}.Debug|x86.ActiveCfg = Debug|Win32
		{C544B83A-7374-4336-BCED-B7C668BBDFA7}.Debug|x86.Build.0 = Debug|Win32
		{C544B83A-7374-4336-BCED-B7C668BBDFA7}.Release|x64.ActiveCfg = Release|x64
		{C544B83A-7374-4336-BCED-B7C668BBDFA7}.Release|x64.Build.0 = Release|x64
		{C544B83A-7374-4336-BCED-B7C668BBDFA7}.Release|x86.ActiveCfg = Release|Win32
		{C544B83A-7374-4336-BCED-B7C668BBDFA7}.Release|x86.Build.0 = Release|Win32
	EndGlobalSection
	GlobalSection(SolutionProperties) = preSolution
		HideSolutionNode = FALSE
	EndGlobalSection
	GlobalSection(ExtensibilityGlobals) = postSolution
		SolutionGuid = {8DE76B20-6314-47C2-A208-B3F24C93E908}
	EndGlobalSection
EndGlobal
